
Microsoft Visual Studio Solution File, Format Version 12.00
# Visual Studio Version 17
VisualStudioVersion = 17.0.31903.59
MinimumVisualStudioVersion = 10.0.40219.1
Project("{FAE04EC0-301F-11D3-BF4B-00C04F79EFBC}") = "MovieList", "MovieList\MovieList.csproj", "{CDC87C8D-9128-47B3-ACE3-B3743E0C3E3C}"
EndProject
Global
	GlobalSection(SolutionConfigurationPlatforms) = preSolution
		Debug|Any CPU = Debug|Any CPU
		Release|Any CPU = Release|Any CPU
	EndGlobalSection
	GlobalSection(ProjectConfigurationPlatforms) = postSolution
		{CDC87C8D-9128-47B3-ACE3-B3743E0C3E3C}.Debug|Any CPU.ActiveCfg = Debug|Any CPU
		{CDC87C8D-9128-47B3-ACE3-B3743E0C3E3C}.Debug|Any CPU.Build.0 = Debug|Any CPU
		{CDC87C8D-9128-47B3-ACE3-B3743E0C3E3C}.Release|Any CPU.ActiveCfg = Release|Any CPU
		{CDC87C8D-9128-47B3-ACE3-B3743E0C3E3C}.Release|Any CPU.Build.0 = Release|Any CPU
	EndGlobalSection
	GlobalSection(SolutionProperties) = preSolution
		HideSolutionNode = FALSE
	EndGlobalSection
	GlobalSection(ExtensibilityGlobals) = postSolution
		SolutionGuid = {EB541918-98E8-48D4-8493-266DA7357341}
	EndGlobalSection
EndGlobal
